
Microsoft Visual Studio Solution File, Format Version 12.00
# Visual Studio Version 17
VisualStudioVersion = 17.5.002.0
MinimumVisualStudioVersion = 10.0.40219.1
Project("{9A19103F-16F7-4668-BE54-9A1E7A4F7556}") = "autoclick", "autoclick.csproj", "{5271526F-BFCD-4EF1-B0E2-605CC021946E}"
EndProject
Global
	GlobalSection(SolutionConfigurationPlatforms) = preSolution
		Debug|Any CPU = Debug|Any CPU
		Release|Any CPU = Release|Any CPU
	EndGlobalSection
	GlobalSection(ProjectConfigurationPlatforms) = postSolution
		{5271526F-BFCD-4EF1-B0E2-605CC021946E}.Debug|Any CPU.ActiveCfg = Debug|Any CPU
		{5271526F-BFCD-4EF1-B0E2-605CC021946E}.Debug|Any CPU.Build.0 = Debug|Any CPU
		{5271526F-BFCD-4EF1-B0E2-605CC021946E}.Release|Any CPU.ActiveCfg = Release|Any CPU
		{5271526F-BFCD-4EF1-B0E2-605CC021946E}.Release|Any CPU.Build.0 = Release|Any CPU
	EndGlobalSection
	GlobalSection(SolutionProperties) = preSolution
		HideSolutionNode = FALSE
	EndGlobalSection
	GlobalSection(ExtensibilityGlobals) = postSolution
		SolutionGuid = {5461BA2E-A78E-41E3-A7DD-1C800C739D65}
	EndGlobalSection
EndGlobal
